{
  "object": {
    "pins": [
      {
        "package": "SendbirdChatSDK",
        "repositoryURL": "https://github.com/sendbird/sendbird-chat-sdk-ios",
        "state": {
          "branch": null,
          "revision": "6a81af7066b180503459e7c40c2abb752d721eb3",
          "version": "4.21.5"
        }
      }
    ]
  },
  "version": 1
}
